{
  "version": 4,
  "terraform_version": "1.10.5",
  "serial": 57,
  "lineage": "afdf68c2-7a5a-1760-6dca-08c9ce1cb12d",
  "outputs": {
    "node_a_public_ip": {
      "value": "VM public IP201.23.13.132",
      "type": "string"
    }
  },
  "resources": [
    {
      "mode": "managed",
      "type": "mgc_network_public_ips",
      "name": "node_a",
      "provider": "provider[\"registry.terraform.io/magalucloud/mgc\"].nordeste",
      "instances": [
        {
          "schema_version": 0,
          "attributes": {
            "description": "Docker swarm node a",
            "id": "e5bd043e-c3ce-4e5c-b3d6-ea460fa43dbc",
            "public_ip": "201.23.13.132",
            "vpc_id": "e0b684bd-7e47-487c-9c5b-ca53658b78a4"
          },
          "sensitive_attributes": []
        }
      ]
    },
    {
      "mode": "managed",
      "type": "mgc_network_public_ips_attach",
      "name": "node_a",
      "provider": "provider[\"registry.terraform.io/magalucloud/mgc\"].nordeste",
      "instances": [
        {
          "schema_version": 0,
          "attributes": {
            "interface_id": "0fc7c7b9-5f6b-4286-8004-b7a0692c9ba1",
            "public_ip_id": "e5bd043e-c3ce-4e5c-b3d6-ea460fa43dbc"
          },
          "sensitive_attributes": [],
          "dependencies": [
            "mgc_network_public_ips.node_a",
            "mgc_ssh_keys.swarm",
            "mgc_virtual_machine_instances.node_a"
          ]
        }
      ]
    },
    {
      "mode": "managed",
      "type": "mgc_network_security_groups",
      "name": "swarm",
      "provider": "provider[\"registry.terraform.io/magalucloud/mgc\"].nordeste",
      "instances": [
        {
          "schema_version": 0,
          "attributes": {
            "description": null,
            "disable_default_rules": false,
            "id": "80cfbbd3-a0cb-4478-8b5a-f833484216c2",
            "name": "swarm"
          },
          "sensitive_attributes": []
        }
      ]
    },
    {
      "mode": "managed",
      "type": "mgc_network_security_groups_rules",
      "name": "allow_exporters",
      "provider": "provider[\"registry.terraform.io/magalucloud/mgc\"].nordeste",
      "instances": [
        {
          "index_key": "IPv4",
          "schema_version": 0,
          "attributes": {
            "description": null,
            "direction": "ingress",
            "ethertype": "IPv4",
            "id": "df71d032-f86f-4dee-90a1-6680f8c7f480",
            "port_range_max": 9000,
            "port_range_min": 8000,
            "protocol": "tcp",
            "remote_group_id": null,
            "remote_ip_prefix": "0.0.0.0/0",
            "security_group_id": "80cfbbd3-a0cb-4478-8b5a-f833484216c2"
          },
          "sensitive_attributes": [],
          "dependencies": [
            "mgc_network_security_groups.swarm"
          ]
        },
        {
          "index_key": "IPv6",
          "schema_version": 0,
          "attributes": {
            "description": null,
            "direction": "ingress",
            "ethertype": "IPv6",
            "id": "9be6ed3f-f1c6-48e6-85bf-bcd3cbbe79d3",
            "port_range_max": 9000,
            "port_range_min": 8000,
            "protocol": "tcp",
            "remote_group_id": null,
            "remote_ip_prefix": "::/0",
            "security_group_id": "80cfbbd3-a0cb-4478-8b5a-f833484216c2"
          },
          "sensitive_attributes": [],
          "dependencies": [
            "mgc_network_security_groups.swarm"
          ]
        }
      ]
    },
    {
      "mode": "managed",
      "type": "mgc_network_security_groups_rules",
      "name": "allow_prometheus",
      "provider": "provider[\"registry.terraform.io/magalucloud/mgc\"].nordeste",
      "instances": [
        {
          "index_key": "IPv4",
          "schema_version": 0,
          "attributes": {
            "description": null,
            "direction": "ingress",
            "ethertype": "IPv4",
            "id": "ae8b0879-15fa-4aed-8b54-4a51b688e92d",
            "port_range_max": 9090,
            "port_range_min": 9090,
            "protocol": "tcp",
            "remote_group_id": null,
            "remote_ip_prefix": "0.0.0.0/0",
            "security_group_id": "80cfbbd3-a0cb-4478-8b5a-f833484216c2"
          },
          "sensitive_attributes": [],
          "dependencies": [
            "mgc_network_security_groups.swarm"
          ]
        },
        {
          "index_key": "IPv6",
          "schema_version": 0,
          "attributes": {
            "description": null,
            "direction": "ingress",
            "ethertype": "IPv6",
            "id": "95840f8d-8295-4ecb-ab7d-f75225c5798d",
            "port_range_max": 9090,
            "port_range_min": 9090,
            "protocol": "tcp",
            "remote_group_id": null,
            "remote_ip_prefix": "::/0",
            "security_group_id": "80cfbbd3-a0cb-4478-8b5a-f833484216c2"
          },
          "sensitive_attributes": [],
          "dependencies": [
            "mgc_network_security_groups.swarm"
          ]
        }
      ]
    },
    {
      "mode": "managed",
      "type": "mgc_network_security_groups_rules",
      "name": "allow_ssh",
      "provider": "provider[\"registry.terraform.io/magalucloud/mgc\"].nordeste",
      "instances": [
        {
          "index_key": "IPv4",
          "schema_version": 0,
          "attributes": {
            "description": null,
            "direction": "ingress",
            "ethertype": "IPv4",
            "id": "2fe4e58f-55b1-4c4a-8051-39b6469ce611",
            "port_range_max": 22,
            "port_range_min": 22,
            "protocol": "tcp",
            "remote_group_id": null,
            "remote_ip_prefix": "0.0.0.0/0",
            "security_group_id": "80cfbbd3-a0cb-4478-8b5a-f833484216c2"
          },
          "sensitive_attributes": [],
          "dependencies": [
            "mgc_network_security_groups.swarm"
          ]
        },
        {
          "index_key": "IPv6",
          "schema_version": 0,
          "attributes": {
            "description": null,
            "direction": "ingress",
            "ethertype": "IPv6",
            "id": "166fce05-a22f-41f3-ab37-aa590413b72f",
            "port_range_max": 22,
            "port_range_min": 22,
            "protocol": "tcp",
            "remote_group_id": null,
            "remote_ip_prefix": "::/0",
            "security_group_id": "80cfbbd3-a0cb-4478-8b5a-f833484216c2"
          },
          "sensitive_attributes": [],
          "dependencies": [
            "mgc_network_security_groups.swarm"
          ]
        }
      ]
    },
    {
      "mode": "managed",
      "type": "mgc_ssh_keys",
      "name": "swarm",
      "provider": "provider[\"registry.terraform.io/magalucloud/mgc\"].nordeste",
      "instances": [
        {
          "schema_version": 0,
          "attributes": {
            "id": "6ae88908-6923-4822-8db7-8c1f6d8965f2",
            "key": "ssh-ed25519 AAAAC3NzaC1lZDI1NTE5AAAAIP3ZVdMwfp/G2xNX2U2gXTFoPallyXkKT1nbFpItLqfh augusto@wnlec-drlr6q3\n",
            "name": "swarm"
          },
          "sensitive_attributes": []
        }
      ]
    },
    {
      "mode": "managed",
      "type": "mgc_virtual_machine_instances",
      "name": "node_a",
      "provider": "provider[\"registry.terraform.io/magalucloud/mgc\"].nordeste",
      "instances": [
        {
          "schema_version": 0,
          "attributes": {
            "availability_zone": "br-ne1-a",
            "created_at": "2025-02-06T23:18:42Z",
            "id": "057e05e8-058c-4a70-bb20-dbf9f62dcc75",
            "image": "cloud-ubuntu-22.04 LTS",
            "machine_type": "BV4-8-100",
            "name": "node_a",
            "network_interfaces": [
              {
                "id": "0fc7c7b9-5f6b-4286-8004-b7a0692c9ba1",
                "ipv4": null,
                "ipv6": "2801:80:3ea1:dc10::189",
                "local_ipv4": "172.18.0.247",
                "name": "port-node_a",
                "primary": true
              }
            ],
            "ssh_key_name": "swarm",
            "user_data": null,
            "vpc_id": "1110e0f4-4c6b-4232-82cf-95ef7244f861"
          },
          "sensitive_attributes": [],
          "dependencies": [
            "mgc_ssh_keys.swarm"
          ]
        }
      ]
    }
  ],
  "check_results": null
}
