{
  "version": 4,
  "terraform_version": "1.10.5",
  "serial": 100,
  "lineage": "afdf68c2-7a5a-1760-6dca-08c9ce1cb12d",
  "outputs": {
    "node_a_public_ip": {
      "value": {
        "0": "201.23.13.132",
        "1": "201.23.13.145",
        "2": "201.23.13.144"
      },
      "type": [
        "object",
        {
          "0": "string",
          "1": "string",
          "2": "string"
        }
      ]
    }
  },
  "resources": [
    {
      "mode": "managed",
      "type": "mgc_network_public_ips",
      "name": "node",
      "provider": "provider[\"registry.terraform.io/magalucloud/mgc\"].nordeste",
      "instances": [
        {
          "index_key": 0,
          "schema_version": 0,
          "attributes": {
            "description": "Docker swarm node 0",
            "id": "3aec5d7e-3fb1-4773-b4f1-fb40cc8bccfd",
            "public_ip": "201.23.13.132",
            "vpc_id": "e0b684bd-7e47-487c-9c5b-ca53658b78a4"
          },
          "sensitive_attributes": []
        },
        {
          "index_key": 1,
          "schema_version": 0,
          "attributes": {
            "description": "Docker swarm node 1",
            "id": "77a68394-05a2-4a86-8145-591d626268d8",
            "public_ip": "201.23.13.145",
            "vpc_id": "e0b684bd-7e47-487c-9c5b-ca53658b78a4"
          },
          "sensitive_attributes": []
        },
        {
          "index_key": 2,
          "schema_version": 0,
          "attributes": {
            "description": "Docker swarm node 2",
            "id": "860f94c0-06bc-48f0-bf57-7a0a4dd54f77",
            "public_ip": "201.23.13.144",
            "vpc_id": "e0b684bd-7e47-487c-9c5b-ca53658b78a4"
          },
          "sensitive_attributes": []
        }
      ]
    },
    {
      "mode": "managed",
      "type": "mgc_network_public_ips_attach",
      "name": "node",
      "provider": "provider[\"registry.terraform.io/magalucloud/mgc\"].nordeste",
      "instances": [
        {
          "index_key": 0,
          "schema_version": 0,
          "attributes": {
            "interface_id": "42833ee0-7715-4de7-abba-bba39dd90acb",
            "public_ip_id": "3aec5d7e-3fb1-4773-b4f1-fb40cc8bccfd"
          },
          "sensitive_attributes": [],
          "dependencies": [
            "mgc_network_public_ips.node",
            "mgc_ssh_keys.swarm",
            "mgc_virtual_machine_instances.node"
          ]
        },
        {
          "index_key": 1,
          "schema_version": 0,
          "attributes": {
            "interface_id": "ccb4e965-83fd-4ef6-b3e3-c756b32a2e79",
            "public_ip_id": "77a68394-05a2-4a86-8145-591d626268d8"
          },
          "sensitive_attributes": [],
          "dependencies": [
            "mgc_network_public_ips.node",
            "mgc_ssh_keys.swarm",
            "mgc_virtual_machine_instances.node"
          ]
        },
        {
          "index_key": 2,
          "schema_version": 0,
          "attributes": {
            "interface_id": "47e32946-bf11-438c-bda3-2816b02f9dac",
            "public_ip_id": "860f94c0-06bc-48f0-bf57-7a0a4dd54f77"
          },
          "sensitive_attributes": [],
          "dependencies": [
            "mgc_network_public_ips.node",
            "mgc_ssh_keys.swarm",
            "mgc_virtual_machine_instances.node"
          ]
        }
      ]
    },
    {
      "mode": "managed",
      "type": "mgc_network_security_groups",
      "name": "swarm",
      "provider": "provider[\"registry.terraform.io/magalucloud/mgc\"].nordeste",
      "instances": [
        {
          "schema_version": 0,
          "attributes": {
            "description": null,
            "disable_default_rules": false,
            "id": "54dc376f-ccfd-45c2-97e3-e7041f12ae44",
            "name": "swarm"
          },
          "sensitive_attributes": []
        }
      ]
    },
    {
      "mode": "managed",
      "type": "mgc_network_security_groups_rules",
      "name": "allow_exporters",
      "provider": "provider[\"registry.terraform.io/magalucloud/mgc\"].nordeste",
      "instances": [
        {
          "index_key": "IPv4",
          "schema_version": 0,
          "attributes": {
            "description": null,
            "direction": "ingress",
            "ethertype": "IPv4",
            "id": "ea6c3e62-59ef-455e-a61f-73fdb69e3c3d",
            "port_range_max": 9000,
            "port_range_min": 8000,
            "protocol": "tcp",
            "remote_group_id": null,
            "remote_ip_prefix": "0.0.0.0/0",
            "security_group_id": "54dc376f-ccfd-45c2-97e3-e7041f12ae44"
          },
          "sensitive_attributes": [],
          "dependencies": [
            "mgc_network_security_groups.swarm"
          ]
        },
        {
          "index_key": "IPv6",
          "schema_version": 0,
          "attributes": {
            "description": null,
            "direction": "ingress",
            "ethertype": "IPv6",
            "id": "69a34bd8-f442-4793-b7e7-8165a914dfb7",
            "port_range_max": 9000,
            "port_range_min": 8000,
            "protocol": "tcp",
            "remote_group_id": null,
            "remote_ip_prefix": "::/0",
            "security_group_id": "54dc376f-ccfd-45c2-97e3-e7041f12ae44"
          },
          "sensitive_attributes": [],
          "dependencies": [
            "mgc_network_security_groups.swarm"
          ]
        }
      ]
    },
    {
      "mode": "managed",
      "type": "mgc_network_security_groups_rules",
      "name": "allow_prometheus",
      "provider": "provider[\"registry.terraform.io/magalucloud/mgc\"].nordeste",
      "instances": [
        {
          "index_key": "IPv4",
          "schema_version": 0,
          "attributes": {
            "description": null,
            "direction": "ingress",
            "ethertype": "IPv4",
            "id": "a33edf86-98d6-4c94-85ab-3f0377d28e02",
            "port_range_max": 9090,
            "port_range_min": 9090,
            "protocol": "tcp",
            "remote_group_id": null,
            "remote_ip_prefix": "0.0.0.0/0",
            "security_group_id": "54dc376f-ccfd-45c2-97e3-e7041f12ae44"
          },
          "sensitive_attributes": [],
          "dependencies": [
            "mgc_network_security_groups.swarm"
          ]
        },
        {
          "index_key": "IPv6",
          "schema_version": 0,
          "attributes": {
            "description": null,
            "direction": "ingress",
            "ethertype": "IPv6",
            "id": "d1952192-93d5-456c-b9f2-21e7d3c7f817",
            "port_range_max": 9090,
            "port_range_min": 9090,
            "protocol": "tcp",
            "remote_group_id": null,
            "remote_ip_prefix": "::/0",
            "security_group_id": "54dc376f-ccfd-45c2-97e3-e7041f12ae44"
          },
          "sensitive_attributes": [],
          "dependencies": [
            "mgc_network_security_groups.swarm"
          ]
        }
      ]
    },
    {
      "mode": "managed",
      "type": "mgc_network_security_groups_rules",
      "name": "allow_ssh",
      "provider": "provider[\"registry.terraform.io/magalucloud/mgc\"].nordeste",
      "instances": [
        {
          "index_key": "IPv4",
          "schema_version": 0,
          "attributes": {
            "description": null,
            "direction": "ingress",
            "ethertype": "IPv4",
            "id": "41f014b8-e3d3-4082-a047-ae2976547a1a",
            "port_range_max": 22,
            "port_range_min": 22,
            "protocol": "tcp",
            "remote_group_id": null,
            "remote_ip_prefix": "0.0.0.0/0",
            "security_group_id": "54dc376f-ccfd-45c2-97e3-e7041f12ae44"
          },
          "sensitive_attributes": [],
          "dependencies": [
            "mgc_network_security_groups.swarm"
          ]
        },
        {
          "index_key": "IPv6",
          "schema_version": 0,
          "attributes": {
            "description": null,
            "direction": "ingress",
            "ethertype": "IPv6",
            "id": "1cf1a892-9310-4f70-b2f1-4acd83436b9b",
            "port_range_max": 22,
            "port_range_min": 22,
            "protocol": "tcp",
            "remote_group_id": null,
            "remote_ip_prefix": "::/0",
            "security_group_id": "54dc376f-ccfd-45c2-97e3-e7041f12ae44"
          },
          "sensitive_attributes": [],
          "dependencies": [
            "mgc_network_security_groups.swarm"
          ]
        }
      ]
    },
    {
      "mode": "managed",
      "type": "mgc_ssh_keys",
      "name": "swarm",
      "provider": "provider[\"registry.terraform.io/magalucloud/mgc\"].nordeste",
      "instances": [
        {
          "schema_version": 0,
          "attributes": {
            "id": "6ef80359-c327-4147-adcc-b8129f2590b6",
            "key": "ssh-ed25519 AAAAC3NzaC1lZDI1NTE5AAAAIP3ZVdMwfp/G2xNX2U2gXTFoPallyXkKT1nbFpItLqfh augusto@wnlec-drlr6q3\n",
            "name": "swarm"
          },
          "sensitive_attributes": []
        }
      ]
    },
    {
      "mode": "managed",
      "type": "mgc_virtual_machine_instances",
      "name": "node",
      "provider": "provider[\"registry.terraform.io/magalucloud/mgc\"].nordeste",
      "instances": [
        {
          "index_key": 0,
          "schema_version": 0,
          "attributes": {
            "availability_zone": "br-ne1-a",
            "created_at": "2025-02-06T23:52:42Z",
            "id": "e581c5b5-a6ee-4af6-bfb9-e0bb2e495e79",
            "image": "cloud-ubuntu-22.04 LTS",
            "machine_type": "BV4-8-100",
            "name": "node-0",
            "network_interfaces": [
              {
                "id": "42833ee0-7715-4de7-abba-bba39dd90acb",
                "ipv4": "201.23.13.132",
                "ipv6": "2801:80:3ea1:dc10::128",
                "local_ipv4": "172.18.1.29",
                "name": "port-node-0",
                "primary": true
              }
            ],
            "ssh_key_name": "swarm",
            "user_data": null,
            "vpc_id": "1110e0f4-4c6b-4232-82cf-95ef7244f861"
          },
          "sensitive_attributes": [],
          "dependencies": [
            "mgc_ssh_keys.swarm"
          ]
        },
        {
          "index_key": 1,
          "schema_version": 0,
          "attributes": {
            "availability_zone": "br-ne1-a",
            "created_at": "2025-02-06T23:54:40Z",
            "id": "c8f50858-8afd-445c-a876-bf1cc0cb8a3d",
            "image": "cloud-ubuntu-22.04 LTS",
            "machine_type": "BV4-8-100",
            "name": "node-1",
            "network_interfaces": [
              {
                "id": "ccb4e965-83fd-4ef6-b3e3-c756b32a2e79",
                "ipv4": null,
                "ipv6": "2801:80:3ea1:dc10::1c6",
                "local_ipv4": "172.18.0.135",
                "name": "port-node-1",
                "primary": true
              }
            ],
            "ssh_key_name": "swarm",
            "user_data": null,
            "vpc_id": "1110e0f4-4c6b-4232-82cf-95ef7244f861"
          },
          "sensitive_attributes": [],
          "dependencies": [
            "mgc_ssh_keys.swarm"
          ]
        },
        {
          "index_key": 2,
          "schema_version": 0,
          "attributes": {
            "availability_zone": "br-ne1-a",
            "created_at": "2025-02-06T23:54:45Z",
            "id": "7090bf79-5401-4a8d-bccd-4bc9cf233ab8",
            "image": "cloud-ubuntu-22.04 LTS",
            "machine_type": "BV4-8-100",
            "name": "node-2",
            "network_interfaces": [
              {
                "id": "47e32946-bf11-438c-bda3-2816b02f9dac",
                "ipv4": null,
                "ipv6": "2801:80:3ea1:dc10::227",
                "local_ipv4": "172.18.2.103",
                "name": "port-node-2",
                "primary": true
              }
            ],
            "ssh_key_name": "swarm",
            "user_data": null,
            "vpc_id": "1110e0f4-4c6b-4232-82cf-95ef7244f861"
          },
          "sensitive_attributes": [],
          "dependencies": [
            "mgc_ssh_keys.swarm"
          ]
        }
      ]
    }
  ],
  "check_results": null
}
